
Microsoft Visual Studio Solution File, Format Version 12.00
# Visual Studio 2013
VisualStudioVersion = 12.0.31101.0
MinimumVisualStudioVersion = 10.0.40219.1
Project("{FAE04EC0-301F-11D3-BF4B-00C04F79EFBC}") = "Core", "Core\Core.csproj", "{D58F9AF2-14F3-4A84-9A49-DDB2BFF03F1E}"
EndProject
Project("{FAE04EC0-301F-11D3-BF4B-00C04F79EFBC}") = "Shell", "Shell\Shell.csproj", "{191B3A9D-B4EA-472C-B751-2AAB70E02616}"
EndProject
Project("{FAE04EC0-301F-11D3-BF4B-00C04F79EFBC}") = "Cosmos.CIEngine.GithubClient", "Cosmos.CIEngine.GithubClient\Cosmos.CIEngine.GithubClient.csproj", "{61AE8C0A-C9BE-428D-B8E8-F85B13AEF1B8}"
EndProject
Global
	GlobalSection(SolutionConfigurationPlatforms) = preSolution
		Debug|Any CPU = Debug|Any CPU
		Release|Any CPU = Release|Any CPU
	EndGlobalSection
	GlobalSection(ProjectConfigurationPlatforms) = postSolution
		{D58F9AF2-14F3-4A84-9A49-DDB2BFF03F1E}.Debug|Any CPU.ActiveCfg = Debug|Any CPU
		{D58F9AF2-14F3-4A84-9A49-DDB2BFF03F1E}.Debug|Any CPU.Build.0 = Debug|Any CPU
		{D58F9AF2-14F3-4A84-9A49-DDB2BFF03F1E}.Release|Any CPU.ActiveCfg = Release|Any CPU
		{D58F9AF2-14F3-4A84-9A49-DDB2BFF03F1E}.Release|Any CPU.Build.0 = Release|Any CPU
		{191B3A9D-B4EA-472C-B751-2AAB70E02616}.Debug|Any CPU.ActiveCfg = Debug|Any CPU
		{191B3A9D-B4EA-472C-B751-2AAB70E02616}.Debug|Any CPU.Build.0 = Debug|Any CPU
		{191B3A9D-B4EA-472C-B751-2AAB70E02616}.Release|Any CPU.ActiveCfg = Release|Any CPU
		{191B3A9D-B4EA-472C-B751-2AAB70E02616}.Release|Any CPU.Build.0 = Release|Any CPU
		{61AE8C0A-C9BE-428D-B8E8-F85B13AEF1B8}.Debug|Any CPU.ActiveCfg = Debug|Any CPU
		{61AE8C0A-C9BE-428D-B8E8-F85B13AEF1B8}.Debug|Any CPU.Build.0 = Debug|Any CPU
		{61AE8C0A-C9BE-428D-B8E8-F85B13AEF1B8}.Release|Any CPU.ActiveCfg = Release|Any CPU
		{61AE8C0A-C9BE-428D-B8E8-F85B13AEF1B8}.Release|Any CPU.Build.0 = Release|Any CPU
	EndGlobalSection
	GlobalSection(SolutionProperties) = preSolution
		HideSolutionNode = FALSE
	EndGlobalSection
EndGlobal
